
Microsoft Visual Studio Solution File, Format Version 12.00
# Visual Studio 15
VisualStudioVersion = 15.0.28307.136
MinimumVisualStudioVersion = 10.0.40219.1
Project("{FAE04EC0-301F-11D3-BF4B-00C04F79EFBC}") = "Tarea2", "Tarea2\Tarea2.csproj", "{D86D9726-50C4-47B5-8031-15F180F003B5}"
EndProject
Global
	GlobalSection(SolutionConfigurationPlatforms) = preSolution
		Debug|Any CPU = Debug|Any CPU
		Release|Any CPU = Release|Any CPU
	EndGlobalSection
	GlobalSection(ProjectConfigurationPlatforms) = postSolution
		{D86D9726-50C4-47B5-8031-15F180F003B5}.Debug|Any CPU.ActiveCfg = Debug|Any CPU
		{D86D9726-50C4-47B5-8031-15F180F003B5}.Debug|Any CPU.Build.0 = Debug|Any CPU
		{D86D9726-50C4-47B5-8031-15F180F003B5}.Release|Any CPU.ActiveCfg = Release|Any CPU
		{D86D9726-50C4-47B5-8031-15F180F003B5}.Release|Any CPU.Build.0 = Release|Any CPU
	EndGlobalSection
	GlobalSection(SolutionProperties) = preSolution
		HideSolutionNode = FALSE
	EndGlobalSection
	GlobalSection(ExtensibilityGlobals) = postSolution
		SolutionGuid = {83942342-9FF9-48EB-8B95-E96C5C52AC54}
	EndGlobalSection
EndGlobal
